
Microsoft Visual Studio Solution File, Format Version 12.00
# Visual Studio Version 16
VisualStudioVersion = 16.0.30225.117
MinimumVisualStudioVersion = 10.0.40219.1
Project("{9A19103F-16F7-4668-BE54-9A1E7A4F7556}") = "IceCoffee.Network", "IceCoffee.Network\IceCoffee.Network.csproj", "{FDC02045-ABED-4EAC-A532-EA38F2F0CF73}"
EndProject
Project("{9A19103F-16F7-4668-BE54-9A1E7A4F7556}") = "IceCoffee.Common", "..\IceCoffee.Common\IceCoffee.Common\IceCoffee.Common.csproj", "{75B3CBEC-45FD-4596-A741-0606E2CA4A04}"
EndProject
Project("{FAE04EC0-301F-11D3-BF4B-00C04F79EFBC}") = "UnitTest", "UnitTest\UnitTest.csproj", "{AD87E90A-8D62-467F-9AA2-F26DFA4E5EBB}"
EndProject
Global
	GlobalSection(SolutionConfigurationPlatforms) = preSolution
		Debug|Any CPU = Debug|Any CPU
		Release|Any CPU = Release|Any CPU
	EndGlobalSection
	GlobalSection(ProjectConfigurationPlatforms) = postSolution
		{FDC02045-ABED-4EAC-A532-EA38F2F0CF73}.Debug|Any CPU.ActiveCfg = Debug|Any CPU
		{FDC02045-ABED-4EAC-A532-EA38F2F0CF73}.Debug|Any CPU.Build.0 = Debug|Any CPU
		{FDC02045-ABED-4EAC-A532-EA38F2F0CF73}.Release|Any CPU.ActiveCfg = Release|Any CPU
		{FDC02045-ABED-4EAC-A532-EA38F2F0CF73}.Release|Any CPU.Build.0 = Release|Any CPU
		{75B3CBEC-45FD-4596-A741-0606E2CA4A04}.Debug|Any CPU.ActiveCfg = Debug|Any CPU
		{75B3CBEC-45FD-4596-A741-0606E2CA4A04}.Debug|Any CPU.Build.0 = Debug|Any CPU
		{75B3CBEC-45FD-4596-A741-0606E2CA4A04}.Release|Any CPU.ActiveCfg = Release|Any CPU
		{75B3CBEC-45FD-4596-A741-0606E2CA4A04}.Release|Any CPU.Build.0 = Release|Any CPU
		{AD87E90A-8D62-467F-9AA2-F26DFA4E5EBB}.Debug|Any CPU.ActiveCfg = Debug|Any CPU
		{AD87E90A-8D62-467F-9AA2-F26DFA4E5EBB}.Debug|Any CPU.Build.0 = Debug|Any CPU
		{AD87E90A-8D62-467F-9AA2-F26DFA4E5EBB}.Release|Any CPU.ActiveCfg = Release|Any CPU
		{AD87E90A-8D62-467F-9AA2-F26DFA4E5EBB}.Release|Any CPU.Build.0 = Release|Any CPU
	EndGlobalSection
	GlobalSection(SolutionProperties) = preSolution
		HideSolutionNode = FALSE
	EndGlobalSection
	GlobalSection(ExtensibilityGlobals) = postSolution
		SolutionGuid = {59628C94-05DE-4EFD-AC01-C1EBB643BC2A}
	EndGlobalSection
EndGlobal
